// !$*UTF8*$!
{
	archiveVersion = 1;
	classes = {
	};
	objectVersion = 50;
	objects = {

/* Begin PBXBuildFile section */
		BD48CCAD220C3F07005E8FFC /* AppDelegate.swift in Sources */ = {isa = PBXBuildFile; fileRef = BD48CCAC220C3F07005E8FFC /* AppDelegate.swift */; };
		BD48CCAF220C3F07005E8FFC /* art.scnassets in Resources */ = {isa = PBXBuildFile; fileRef = BD48CCAE220C3F07005E8FFC /* art.scnassets */; };
		BD48CCB1220C3F07005E8FFC /* ViewController.swift in Sources */ = {isa = PBXBuildFile; fileRef = BD48CCB0220C3F07005E8FFC /* ViewController.swift */; };
		BD48CCB4220C3F07005E8FFC /* Main.storyboard in Resources */ = {isa = PBXBuildFile; fileRef = BD48CCB2220C3F07005E8FFC /* Main.storyboard */; };
		BD48CCB6220C3F08005E8FFC /* Assets.xcassets in Resources */ = {isa = PBXBuildFile; fileRef = BD48CCB5220C3F08005E8FFC /* Assets.xcassets */; };
		BD48CCB9220C3F08005E8FFC /* LaunchScreen.storyboard in Resources */ = {isa = PBXBuildFile; fileRef = BD48CCB7220C3F08005E8FFC /* LaunchScreen.storyboard */; };
		BD48CCC4220C3F08005E8FFC /* ARKitKatTests.swift in Sources */ = {isa = PBXBuildFile; fileRef = BD48CCC3220C3F08005E8FFC /* ARKitKatTests.swift */; };
		BD48CCCF220C3F08005E8FFC /* ARKitKatUITests.swift in Sources */ = {isa = PBXBuildFile; fileRef = BD48CCCE220C3F08005E8FFC /* ARKitKatUITests.swift */; };
/* End PBXBuildFile section */

/* Begin PBXContainerItemProxy section */
		BD48CCC0220C3F08005E8FFC /* PBXContainerItemProxy */ = {
			isa = PBXContainerItemProxy;
			containerPortal = BD48CCA1220C3F07005E8FFC /* Project object */;
			proxyType = 1;
			remoteGlobalIDString = BD48CCA8220C3F07005E8FFC;
			remoteInfo = ARKitKat;
		};
		BD48CCCB220C3F08005E8FFC /* PBXContainerItemProxy */ = {
			isa = PBXContainerItemProxy;
			containerPortal = BD48CCA1220C3F07005E8FFC /* Project object */;
			proxyType = 1;
			remoteGlobalIDString = BD48CCA8220C3F07005E8FFC;
			remoteInfo = ARKitKat;
		};
/* End PBXContainerItemProxy section */

/* Begin PBXFileReference section */
		BD48CCA9220C3F07005E8FFC /* ARKitKat.app */ = {isa = PBXFileReference; explicitFileType = wrapper.application; includeInIndex = 0; path = ARKitKat.app; sourceTree = BUILT_PRODUCTS_DIR; };
		BD48CCAC220C3F07005E8FFC /* AppDelegate.swift */ = {isa = PBXFileReference; lastKnownFileType = sourcecode.swift; path = AppDelegate.swift; sourceTree = "<group>"; };
		BD48CCAE220C3F07005E8FFC /* art.scnassets */ = {isa = PBXFileReference; lastKnownFileType = wrapper.scnassets; path = art.scnassets; sourceTree = "<group>"; };
		BD48CCB0220C3F07005E8FFC /* ViewController.swift */ = {isa = PBXFileReference; lastKnownFileType = sourcecode.swift; path = ViewController.swift; sourceTree = "<group>"; };
		BD48CCB3220C3F07005E8FFC /* Base */ = {isa = PBXFileReference; lastKnownFileType = file.storyboard; name = Base; path = Base.lproj/Main.storyboard; sourceTree = "<group>"; };
		BD48CCB5220C3F08005E8FFC /* Assets.xcassets */ = {isa = PBXFileReference; lastKnownFileType = folder.assetcatalog; path = Assets.xcassets; sourceTree = "<group>"; };
		BD48CCB8220C3F08005E8FFC /* Base */ = {isa = PBXFileReference; lastKnownFileType = file.storyboard; name = Base; path = Base.lproj/LaunchScreen.storyboard; sourceTree = "<group>"; };
		BD48CCBA220C3F08005E8FFC /* Info.plist */ = {isa = PBXFileReference; lastKnownFileType = text.plist.xml; path = Info.plist; sourceTree = "<group>"; };
		BD48CCBF220C3F08005E8FFC /* ARKitKatTests.xctest */ = {isa = PBXFileReference; explicitFileType = wrapper.cfbundle; includeInIndex = 0; path = ARKitKatTests.xctest; sourceTree = BUILT_PRODUCTS_DIR; };
		BD48CCC3220C3F08005E8FFC /* ARKitKatTests.swift */ = {isa = PBXFileReference; lastKnownFileType = sourcecode.swift; path = ARKitKatTests.swift; sourceTree = "<group>"; };
		BD48CCC5220C3F08005E8FFC /* Info.plist */ = {isa = PBXFileReference; lastKnownFileType = text.plist.xml; path = Info.plist; sourceTree = "<group>"; };
		BD48CCCA220C3F08005E8FFC /* ARKitKatUITests.xctest */ = {isa = PBXFileReference; explicitFileType = wrapper.cfbundle; includeInIndex = 0; path = ARKitKatUITests.xctest; sourceTree = BUILT_PRODUCTS_DIR; };
		BD48CCCE220C3F08005E8FFC /* ARKitKatUITests.swift */ = {isa = PBXFileReference; lastKnownFileType = sourcecode.swift; path = ARKitKatUITests.swift; sourceTree = "<group>"; };
		BD48CCD0220C3F08005E8FFC /* Info.plist */ = {isa = PBXFileReference; lastKnownFileType = text.plist.xml; path = Info.plist; sourceTree = "<group>"; };
/* End PBXFileReference section */

/* Begin PBXFrameworksBuildPhase section */
		BD48CCA6220C3F07005E8FFC /* Frameworks */ = {
			isa = PBXFrameworksBuildPhase;
			buildActionMask = 2147483647;
			files = (
			);
			runOnlyForDeploymentPostprocessing = 0;
		};
		BD48CCBC220C3F08005E8FFC /* Frameworks */ = {
			isa = PBXFrameworksBuildPhase;
			buildActionMask = 2147483647;
			files = (
			);
			runOnlyForDeploymentPostprocessing = 0;
		};
		BD48CCC7220C3F08005E8FFC /* Frameworks */ = {
			isa = PBXFrameworksBuildPhase;
			buildActionMask = 2147483647;
			files = (
			);
			runOnlyForDeploymentPostprocessing = 0;
		};
/* End PBXFrameworksBuildPhase section */

/* Begin PBXGroup section */
		BD48CCA0220C3F07005E8FFC = {
			isa = PBXGroup;
			children = (
				BD48CCAB220C3F07005E8FFC /* ARKitKat */,
				BD48CCC2220C3F08005E8FFC /* ARKitKatTests */,
				BD48CCCD220C3F08005E8FFC /* ARKitKatUITests */,
				BD48CCAA220C3F07005E8FFC /* Products */,
			);
			sourceTree = "<group>";
		};
		BD48CCAA220C3F07005E8FFC /* Products */ = {
			isa = PBXGroup;
			children = (
				BD48CCA9220C3F07005E8FFC /* ARKitKat.app */,
				BD48CCBF220C3F08005E8FFC /* ARKitKatTests.xctest */,
				BD48CCCA220C3F08005E8FFC /* ARKitKatUITests.xctest */,
			);
			name = Products;
			sourceTree = "<group>";
		};
		BD48CCAB220C3F07005E8FFC /* ARKitKat */ = {
			isa = PBXGroup;
			children = (
				BD48CCAC220C3F07005E8FFC /* AppDelegate.swift */,
				BD48CCAE220C3F07005E8FFC /* art.scnassets */,
				BD48CCB0220C3F07005E8FFC /* ViewController.swift */,
				BD48CCB2220C3F07005E8FFC /* Main.storyboard */,
				BD48CCB5220C3F08005E8FFC /* Assets.xcassets */,
				BD48CCB7220C3F08005E8FFC /* LaunchScreen.storyboard */,
				BD48CCBA220C3F08005E8FFC /* Info.plist */,
			);
			path = ARKitKat;
			sourceTree = "<group>";
		};
		BD48CCC2220C3F08005E8FFC /* ARKitKatTests */ = {
			isa = PBXGroup;
			children = (
				BD48CCC3220C3F08005E8FFC /* ARKitKatTests.swift */,
				BD48CCC5220C3F08005E8FFC /* Info.plist */,
			);
			path = ARKitKatTests;
			sourceTree = "<group>";
		};
		BD48CCCD220C3F08005E8FFC /* ARKitKatUITests */ = {
			isa = PBXGroup;
			children = (
				BD48CCCE220C3F08005E8FFC /* ARKitKatUITests.swift */,
				BD48CCD0220C3F08005E8FFC /* Info.plist */,
			);
			path = ARKitKatUITests;
			sourceTree = "<group>";
		};
/* End PBXGroup section */

/* Begin PBXNativeTarget section */
		BD48CCA8220C3F07005E8FFC /* ARKitKat */ = {
			isa = PBXNativeTarget;
			buildConfigurationList = BD48CCD3220C3F08005E8FFC /* Build configuration list for PBXNativeTarget "ARKitKat" */;
			buildPhases = (
				BD48CCA5220C3F07005E8FFC /* Sources */,
				BD48CCA6220C3F07005E8FFC /* Frameworks */,
				BD48CCA7220C3F07005E8FFC /* Resources */,
			);
			buildRules = (
			);
			dependencies = (
			);
			name = ARKitKat;
			productName = ARKitKat;
			productReference = BD48CCA9220C3F07005E8FFC /* ARKitKat.app */;
			productType = "com.apple.product-type.application";
		};
		BD48CCBE220C3F08005E8FFC /* ARKitKatTests */ = {
			isa = PBXNativeTarget;
			buildConfigurationList = BD48CCD6220C3F08005E8FFC /* Build configuration list for PBXNativeTarget "ARKitKatTests" */;
			buildPhases = (
				BD48CCBB220C3F08005E8FFC /* Sources */,
				BD48CCBC220C3F08005E8FFC /* Frameworks */,
				BD48CCBD220C3F08005E8FFC /* Resources */,
			);
			buildRules = (
			);
			dependencies = (
				BD48CCC1220C3F08005E8FFC /* PBXTargetDependency */,
			);
			name = ARKitKatTests;
			productName = ARKitKatTests;
			productReference = BD48CCBF220C3F08005E8FFC /* ARKitKatTests.xctest */;
			productType = "com.apple.product-type.bundle.unit-test";
		};
		BD48CCC9220C3F08005E8FFC /* ARKitKatUITests */ = {
			isa = PBXNativeTarget;
			buildConfigurationList = BD48CCD9220C3F08005E8FFC /* Build configuration list for PBXNativeTarget "ARKitKatUITests" */;
			buildPhases = (
				BD48CCC6220C3F08005E8FFC /* Sources */,
				BD48CCC7220C3F08005E8FFC /* Frameworks */,
				BD48CCC8220C3F08005E8FFC /* Resources */,
			);
			buildRules = (
			);
			dependencies = (
				BD48CCCC220C3F08005E8FFC /* PBXTargetDependency */,
			);
			name = ARKitKatUITests;
			productName = ARKitKatUITests;
			productReference = BD48CCCA220C3F08005E8FFC /* ARKitKatUITests.xctest */;
			productType = "com.apple.product-type.bundle.ui-testing";
		};
/* End PBXNativeTarget section */

/* Begin PBXProject section */
		BD48CCA1220C3F07005E8FFC /* Project object */ = {
			isa = PBXProject;
			attributes = {
				LastSwiftUpdateCheck = 1010;
				LastUpgradeCheck = 1010;
				ORGANIZATIONNAME = "大島 佑太";
				TargetAttributes = {
					BD48CCA8220C3F07005E8FFC = {
						CreatedOnToolsVersion = 10.1;
					};
					BD48CCBE220C3F08005E8FFC = {
						CreatedOnToolsVersion = 10.1;
						TestTargetID = BD48CCA8220C3F07005E8FFC;
					};
					BD48CCC9220C3F08005E8FFC = {
						CreatedOnToolsVersion = 10.1;
						TestTargetID = BD48CCA8220C3F07005E8FFC;
					};
				};
			};
			buildConfigurationList = BD48CCA4220C3F07005E8FFC /* Build configuration list for PBXProject "ARKitKat" */;
			compatibilityVersion = "Xcode 9.3";
			developmentRegion = en;
			hasScannedForEncodings = 0;
			knownRegions = (
				en,
				Base,
			);
			mainGroup = BD48CCA0220C3F07005E8FFC;
			productRefGroup = BD48CCAA220C3F07005E8FFC /* Products */;
			projectDirPath = "";
			projectRoot = "";
			targets = (
				BD48CCA8220C3F07005E8FFC /* ARKitKat */,
				BD48CCBE220C3F08005E8FFC /* ARKitKatTests */,
				BD48CCC9220C3F08005E8FFC /* ARKitKatUITests */,
			);
		};
/* End PBXProject section */

/* Begin PBXResourcesBuildPhase section */
		BD48CCA7220C3F07005E8FFC /* Resources */ = {
			isa = PBXResourcesBuildPhase;
			buildActionMask = 2147483647;
			files = (
				BD48CCAF220C3F07005E8FFC /* art.scnassets in Resources */,
				BD48CCB9220C3F08005E8FFC /* LaunchScreen.storyboard in Resources */,
				BD48CCB6220C3F08005E8FFC /* Assets.xcassets in Resources */,
				BD48CCB4220C3F07005E8FFC /* Main.storyboard in Resources */,
			);
			runOnlyForDeploymentPostprocessing = 0;
		};
		BD48CCBD220C3F08005E8FFC /* Resources */ = {
			isa = PBXResourcesBuildPhase;
			buildActionMask = 2147483647;
			files = (
			);
			runOnlyForDeploymentPostprocessing = 0;
		};
		BD48CCC8220C3F08005E8FFC /* Resources */ = {
			isa = PBXResourcesBuildPhase;
			buildActionMask = 2147483647;
			files = (
			);
			runOnlyForDeploymentPostprocessing = 0;
		};
/* End PBXResourcesBuildPhase section */

/* Begin PBXSourcesBuildPhase section */
		BD48CCA5220C3F07005E8FFC /* Sources */ = {
			isa = PBXSourcesBuildPhase;
			buildActionMask = 2147483647;
			files = (
				BD48CCB1220C3F07005E8FFC /* ViewController.swift in Sources */,
				BD48CCAD220C3F07005E8FFC /* AppDelegate.swift in Sources */,
			);
			runOnlyForDeploymentPostprocessing = 0;
		};
		BD48CCBB220C3F08005E8FFC /* Sources */ = {
			isa = PBXSourcesBuildPhase;
			buildActionMask = 2147483647;
			files = (
				BD48CCC4220C3F08005E8FFC /* ARKitKatTests.swift in Sources */,
			);
			runOnlyForDeploymentPostprocessing = 0;
		};
		BD48CCC6220C3F08005E8FFC /* Sources */ = {
			isa = PBXSourcesBuildPhase;
			buildActionMask = 2147483647;
			files = (
				BD48CCCF220C3F08005E8FFC /* ARKitKatUITests.swift in Sources */,
			);
			runOnlyForDeploymentPostprocessing = 0;
		};
/* End PBXSourcesBuildPhase section */

/* Begin PBXTargetDependency section */
		BD48CCC1220C3F08005E8FFC /* PBXTargetDependency */ = {
			isa = PBXTargetDependency;
			target = BD48CCA8220C3F07005E8FFC /* ARKitKat */;
			targetProxy = BD48CCC0220C3F08005E8FFC /* PBXContainerItemProxy */;
		};
		BD48CCCC220C3F08005E8FFC /* PBXTargetDependency */ = {
			isa = PBXTargetDependency;
			target = BD48CCA8220C3F07005E8FFC /* ARKitKat */;
			targetProxy = BD48CCCB220C3F08005E8FFC /* PBXContainerItemProxy */;
		};
/* End PBXTargetDependency section */

/* Begin PBXVariantGroup section */
		BD48CCB2220C3F07005E8FFC /* Main.storyboard */ = {
			isa = PBXVariantGroup;
			children = (
				BD48CCB3220C3F07005E8FFC /* Base */,
			);
			name = Main.storyboard;
			sourceTree = "<group>";
		};
		BD48CCB7220C3F08005E8FFC /* LaunchScreen.storyboard */ = {
			isa = PBXVariantGroup;
			children = (
				BD48CCB8220C3F08005E8FFC /* Base */,
			);
			name = LaunchScreen.storyboard;
			sourceTree = "<group>";
		};
/* End PBXVariantGroup section */

/* Begin XCBuildConfiguration section */
		BD48CCD1220C3F08005E8FFC /* Debug */ = {
			isa = XCBuildConfiguration;
			buildSettings = {
				ALWAYS_SEARCH_USER_PATHS = NO;
				CLANG_ANALYZER_NONNULL = YES;
				CLANG_ANALYZER_NUMBER_OBJECT_CONVERSION = YES_AGGRESSIVE;
				CLANG_CXX_LANGUAGE_STANDARD = "gnu++14";
				CLANG_CXX_LIBRARY = "libc++";
				CLANG_ENABLE_MODULES = YES;
				CLANG_ENABLE_OBJC_ARC = YES;
				CLANG_ENABLE_OBJC_WEAK = YES;
				CLANG_WARN_BLOCK_CAPTURE_AUTORELEASING = YES;
				CLANG_WARN_BOOL_CONVERSION = YES;
				CLANG_WARN_COMMA = YES;
				CLANG_WARN_CONSTANT_CONVERSION = YES;
				CLANG_WARN_DEPRECATED_OBJC_IMPLEMENTATIONS = YES;
				CLANG_WARN_DIRECT_OBJC_ISA_USAGE = YES_ERROR;
				CLANG_WARN_DOCUMENTATION_COMMENTS = YES;
				CLANG_WARN_EMPTY_BODY = YES;
				CLANG_WARN_ENUM_CONVERSION = YES;
				CLANG_WARN_INFINITE_RECURSION = YES;
				CLANG_WARN_INT_CONVERSION = YES;
				CLANG_WARN_NON_LITERAL_NULL_CONVERSION = YES;
				CLANG_WARN_OBJC_IMPLICIT_RETAIN_SELF = YES;
				CLANG_WARN_OBJC_LITERAL_CONVERSION = YES;
				CLANG_WARN_OBJC_ROOT_CLASS = YES_ERROR;
				CLANG_WARN_RANGE_LOOP_ANALYSIS = YES;
				CLANG_WARN_STRICT_PROTOTYPES = YES;
				CLANG_WARN_SUSPICIOUS_MOVE = YES;
				CLANG_WARN_UNGUARDED_AVAILABILITY = YES_AGGRESSIVE;
				CLANG_WARN_UNREACHABLE_CODE = YES;
				CLANG_WARN__DUPLICATE_METHOD_MATCH = YES;
				CODE_SIGN_IDENTITY = "iPhone Developer";
				COPY_PHASE_STRIP = NO;
				DEBUG_INFORMATION_FORMAT = dwarf;
				ENABLE_STRICT_OBJC_MSGSEND = YES;
				ENABLE_TESTABILITY = YES;
				GCC_C_LANGUAGE_STANDARD = gnu11;
				GCC_DYNAMIC_NO_PIC = NO;
				GCC_NO_COMMON_BLOCKS = YES;
				GCC_OPTIMIZATION_LEVEL = 0;
				GCC_PREPROCESSOR_DEFINITIONS = (
					"DEBUG=1",
					"$(inherited)",
				);
				GCC_WARN_64_TO_32_BIT_CONVERSION = YES;
				GCC_WARN_ABOUT_RETURN_TYPE = YES_ERROR;
				GCC_WARN_UNDECLARED_SELECTOR = YES;
				GCC_WARN_UNINITIALIZED_AUTOS = YES_AGGRESSIVE;
				GCC_WARN_UNUSED_FUNCTION = YES;
				GCC_WARN_UNUSED_VARIABLE = YES;
				IPHONEOS_DEPLOYMENT_TARGET = 12.1;
				MTL_ENABLE_DEBUG_INFO = INCLUDE_SOURCE;
				MTL_FAST_MATH = YES;
				ONLY_ACTIVE_ARCH = YES;
				SDKROOT = iphoneos;
				SWIFT_ACTIVE_COMPILATION_CONDITIONS = DEBUG;
				SWIFT_OPTIMIZATION_LEVEL = "-Onone";
			};
			name = Debug;
		};
		BD48CCD2220C3F08005E8FFC /* Release */ = {
			isa = XCBuildConfiguration;
			buildSettings = {
				ALWAYS_SEARCH_USER_PATHS = NO;
				CLANG_ANALYZER_NONNULL = YES;
				CLANG_ANALYZER_NUMBER_OBJECT_CONVERSION = YES_AGGRESSIVE;
				CLANG_CXX_LANGUAGE_STANDARD = "gnu++14";
				CLANG_CXX_LIBRARY = "libc++";
				CLANG_ENABLE_MODULES = YES;
				CLANG_ENABLE_OBJC_ARC = YES;
				CLANG_ENABLE_OBJC_WEAK = YES;
				CLANG_WARN_BLOCK_CAPTURE_AUTORELEASING = YES;
				CLANG_WARN_BOOL_CONVERSION = YES;
				CLANG_WARN_COMMA = YES;
				CLANG_WARN_CONSTANT_CONVERSION = YES;
				CLANG_WARN_DEPRECATED_OBJC_IMPLEMENTATIONS = YES;
				CLANG_WARN_DIRECT_OBJC_ISA_USAGE = YES_ERROR;
				CLANG_WARN_DOCUMENTATION_COMMENTS = YES;
				CLANG_WARN_EMPTY_BODY = YES;
				CLANG_WARN_ENUM_CONVERSION = YES;
				CLANG_WARN_INFINITE_RECURSION = YES;
				CLANG_WARN_INT_CONVERSION = YES;
				CLANG_WARN_NON_LITERAL_NULL_CONVERSION = YES;
				CLANG_WARN_OBJC_IMPLICIT_RETAIN_SELF = YES;
				CLANG_WARN_OBJC_LITERAL_CONVERSION = YES;
				CLANG_WARN_OBJC_ROOT_CLASS = YES_ERROR;
				CLANG_WARN_RANGE_LOOP_ANALYSIS = YES;
				CLANG_WARN_STRICT_PROTOTYPES = YES;
				CLANG_WARN_SUSPICIOUS_MOVE = YES;
				CLANG_WARN_UNGUARDED_AVAILABILITY = YES_AGGRESSIVE;
				CLANG_WARN_UNREACHABLE_CODE = YES;
				CLANG_WARN__DUPLICATE_METHOD_MATCH = YES;
				CODE_SIGN_IDENTITY = "iPhone Developer";
				COPY_PHASE_STRIP = NO;
				DEBUG_INFORMATION_FORMAT = "dwarf-with-dsym";
				ENABLE_NS_ASSERTIONS = NO;
				ENABLE_STRICT_OBJC_MSGSEND = YES;
				GCC_C_LANGUAGE_STANDARD = gnu11;
				GCC_NO_COMMON_BLOCKS = YES;
				GCC_WARN_64_TO_32_BIT_CONVERSION = YES;
				GCC_WARN_ABOUT_RETURN_TYPE = YES_ERROR;
				GCC_WARN_UNDECLARED_SELECTOR = YES;
				GCC_WARN_UNINITIALIZED_AUTOS = YES_AGGRESSIVE;
				GCC_WARN_UNUSED_FUNCTION = YES;
				GCC_WARN_UNUSED_VARIABLE = YES;
				IPHONEOS_DEPLOYMENT_TARGET = 12.1;
				MTL_ENABLE_DEBUG_INFO = NO;
				MTL_FAST_MATH = YES;
				SDKROOT = iphoneos;
				SWIFT_COMPILATION_MODE = wholemodule;
				SWIFT_OPTIMIZATION_LEVEL = "-O";
				VALIDATE_PRODUCT = YES;
			};
			name = Release;
		};
		BD48CCD4220C3F08005E8FFC /* Debug */ = {
			isa = XCBuildConfiguration;
			buildSettings = {
				ASSETCATALOG_COMPILER_APPICON_NAME = AppIcon;
				CODE_SIGN_STYLE = Automatic;
				DEVELOPMENT_TEAM = 6ZTV366SF2;
				INFOPLIST_FILE = ARKitKat/Info.plist;
				LD_RUNPATH_SEARCH_PATHS = (
					"$(inherited)",
					"@executable_path/Frameworks",
				);
				PRODUCT_BUNDLE_IDENTIFIER = com.ohshima.ARKitKat;
				PRODUCT_NAME = "$(TARGET_NAME)";
				SWIFT_VERSION = 4.2;
				TARGETED_DEVICE_FAMILY = "1,2";
			};
			name = Debug;
		};
		BD48CCD5220C3F08005E8FFC /* Release */ = {
			isa = XCBuildConfiguration;
			buildSettings = {
				ASSETCATALOG_COMPILER_APPICON_NAME = AppIcon;
				CODE_SIGN_STYLE = Automatic;
				DEVELOPMENT_TEAM = 6ZTV366SF2;
				INFOPLIST_FILE = ARKitKat/Info.plist;
				LD_RUNPATH_SEARCH_PATHS = (
					"$(inherited)",
					"@executable_path/Frameworks",
				);
				PRODUCT_BUNDLE_IDENTIFIER = com.ohshima.ARKitKat;
				PRODUCT_NAME = "$(TARGET_NAME)";
				SWIFT_VERSION = 4.2;
				TARGETED_DEVICE_FAMILY = "1,2";
			};
			name = Release;
		};
		BD48CCD7220C3F08005E8FFC /* Debug */ = {
			isa = XCBuildConfiguration;
			buildSettings = {
				ALWAYS_EMBED_SWIFT_STANDARD_LIBRARIES = YES;
				BUNDLE_LOADER = "$(TEST_HOST)";
				CODE_SIGN_STYLE = Automatic;
				DEVELOPMENT_TEAM = 6ZTV366SF2;
				INFOPLIST_FILE = ARKitKatTests/Info.plist;
				LD_RUNPATH_SEARCH_PATHS = (
					"$(inherited)",
					"@executable_path/Frameworks",
					"@loader_path/Frameworks",
				);
				PRODUCT_BUNDLE_IDENTIFIER = com.ohshima.ARKitKatTests;
				PRODUCT_NAME = "$(TARGET_NAME)";
				SWIFT_VERSION = 4.2;
				TARGETED_DEVICE_FAMILY = "1,2";
				TEST_HOST = "$(BUILT_PRODUCTS_DIR)/ARKitKat.app/ARKitKat";
			};
			name = Debug;
		};
		BD48CCD8220C3F08005E8FFC /* Release */ = {
			isa = XCBuildConfiguration;
			buildSettings = {
				ALWAYS_EMBED_SWIFT_STANDARD_LIBRARIES = YES;
				BUNDLE_LOADER = "$(TEST_HOST)";
				CODE_SIGN_STYLE = Automatic;
				DEVELOPMENT_TEAM = 6ZTV366SF2;
				INFOPLIST_FILE = ARKitKatTests/Info.plist;
				LD_RUNPATH_SEARCH_PATHS = (
					"$(inherited)",
					"@executable_path/Frameworks",
					"@loader_path/Frameworks",
				);
				PRODUCT_BUNDLE_IDENTIFIER = com.ohshima.ARKitKatTests;
				PRODUCT_NAME = "$(TARGET_NAME)";
				SWIFT_VERSION = 4.2;
				TARGETED_DEVICE_FAMILY = "1,2";
				TEST_HOST = "$(BUILT_PRODUCTS_DIR)/ARKitKat.app/ARKitKat";
			};
			name = Release;
		};
		BD48CCDA220C3F08005E8FFC /* Debug */ = {
			isa = XCBuildConfiguration;
			buildSettings = {
				ALWAYS_EMBED_SWIFT_STANDARD_LIBRARIES = YES;
				CODE_SIGN_STYLE = Automatic;
				DEVELOPMENT_TEAM = 6ZTV366SF2;
				INFOPLIST_FILE = ARKitKatUITests/Info.plist;
				LD_RUNPATH_SEARCH_PATHS = (
					"$(inherited)",
					"@executable_path/Frameworks",
					"@loader_path/Frameworks",
				);
				PRODUCT_BUNDLE_IDENTIFIER = com.ohshima.ARKitKatUITests;
				PRODUCT_NAME = "$(TARGET_NAME)";
				SWIFT_VERSION = 4.2;
				TARGETED_DEVICE_FAMILY = "1,2";
				TEST_TARGET_NAME = ARKitKat;
			};
			name = Debug;
		};
		BD48CCDB220C3F08005E8FFC /* Release */ = {
			isa = XCBuildConfiguration;
			buildSettings = {
				ALWAYS_EMBED_SWIFT_STANDARD_LIBRARIES = YES;
				CODE_SIGN_STYLE = Automatic;
				DEVELOPMENT_TEAM = 6ZTV366SF2;
				INFOPLIST_FILE = ARKitKatUITests/Info.plist;
				LD_RUNPATH_SEARCH_PATHS = (
					"$(inherited)",
					"@executable_path/Frameworks",
					"@loader_path/Frameworks",
				);
				PRODUCT_BUNDLE_IDENTIFIER = com.ohshima.ARKitKatUITests;
				PRODUCT_NAME = "$(TARGET_NAME)";
				SWIFT_VERSION = 4.2;
				TARGETED_DEVICE_FAMILY = "1,2";
				TEST_TARGET_NAME = ARKitKat;
			};
			name = Release;
		};
/* End XCBuildConfiguration section */

/* Begin XCConfigurationList section */
		BD48CCA4220C3F07005E8FFC /* Build configuration list for PBXProject "ARKitKat" */ = {
			isa = XCConfigurationList;
			buildConfigurations = (
				BD48CCD1220C3F08005E8FFC /* Debug */,
				BD48CCD2220C3F08005E8FFC /* Release */,
			);
			defaultConfigurationIsVisible = 0;
			defaultConfigurationName = Release;
		};
		BD48CCD3220C3F08005E8FFC /* Build configuration list for PBXNativeTarget "ARKitKat" */ = {
			isa = XCConfigurationList;
			buildConfigurations = (
				BD48CCD4220C3F08005E8FFC /* Debug */,
				BD48CCD5220C3F08005E8FFC /* Release */,
			);
			defaultConfigurationIsVisible = 0;
			defaultConfigurationName = Release;
		};
		BD48CCD6220C3F08005E8FFC /* Build configuration list for PBXNativeTarget "ARKitKatTests" */ = {
			isa = XCConfigurationList;
			buildConfigurations = (
				BD48CCD7220C3F08005E8FFC /* Debug */,
				BD48CCD8220C3F08005E8FFC /* Release */,
			);
			defaultConfigurationIsVisible = 0;
			defaultConfigurationName = Release;
		};
		BD48CCD9220C3F08005E8FFC /* Build configuration list for PBXNativeTarget "ARKitKatUITests" */ = {
			isa = XCConfigurationList;
			buildConfigurations = (
				BD48CCDA220C3F08005E8FFC /* Debug */,
				BD48CCDB220C3F08005E8FFC /* Release */,
			);
			defaultConfigurationIsVisible = 0;
			defaultConfigurationName = Release;
		};
/* End XCConfigurationList section */
	};
	rootObject = BD48CCA1220C3F07005E8FFC /* Project object */;
}
